// !$*UTF8*$!
{
	archiveVersion = 1;
	classes = {
	};
	objectVersion = 51;
	objects = {

/* Begin PBXBuildFile section */
		6A2AE2CD23E4ABF50010221A /* AppDelegate.swift in Sources */ = {isa = PBXBuildFile; fileRef = 6A2AE2CC23E4ABF50010221A /* AppDelegate.swift */; };
		6A2AE2CF23E4ABF50010221A /* SceneDelegate.swift in Sources */ = {isa = PBXBuildFile; fileRef = 6A2AE2CE23E4ABF50010221A /* SceneDelegate.swift */; };
		6A2AE2D123E4ABF50010221A /* HomeViewController.swift in Sources */ = {isa = PBXBuildFile; fileRef = 6A2AE2D023E4ABF50010221A /* HomeViewController.swift */; };
		6A2AE2D423E4ABF50010221A /* Main.storyboard in Resources */ = {isa = PBXBuildFile; fileRef = 6A2AE2D223E4ABF50010221A /* Main.storyboard */; };
		6A2AE2D623E4ABF70010221A /* Assets.xcassets in Resources */ = {isa = PBXBuildFile; fileRef = 6A2AE2D523E4ABF70010221A /* Assets.xcassets */; };
		6A2AE2D923E4ABF70010221A /* LaunchScreen.storyboard in Resources */ = {isa = PBXBuildFile; fileRef = 6A2AE2D723E4ABF70010221A /* LaunchScreen.storyboard */; };
		6A2AE2E423E4ABF70010221A /* WeatherTests.swift in Sources */ = {isa = PBXBuildFile; fileRef = 6A2AE2E323E4ABF70010221A /* WeatherTests.swift */; };
		6A2AE2F323E4ADDD0010221A /* WeatherService.swift in Sources */ = {isa = PBXBuildFile; fileRef = 6A2AE2F223E4ADDD0010221A /* WeatherService.swift */; };
		6A2AE31F23E4B0FC0010221A /* URLSessionable.swift in Sources */ = {isa = PBXBuildFile; fileRef = 6A2AE31923E4B0FC0010221A /* URLSessionable.swift */; };
		6A2AE32023E4B0FC0010221A /* ApiError.swift in Sources */ = {isa = PBXBuildFile; fileRef = 6A2AE31A23E4B0FC0010221A /* ApiError.swift */; };
		6A2AE32123E4B0FC0010221A /* ApiEndpointExposable.swift in Sources */ = {isa = PBXBuildFile; fileRef = 6A2AE31B23E4B0FC0010221A /* ApiEndpointExposable.swift */; };
		6A2AE32223E4B0FC0010221A /* HTTPMethod.swift in Sources */ = {isa = PBXBuildFile; fileRef = 6A2AE31C23E4B0FC0010221A /* HTTPMethod.swift */; };
		6A2AE32323E4B0FC0010221A /* Api.swift in Sources */ = {isa = PBXBuildFile; fileRef = 6A2AE31D23E4B0FC0010221A /* Api.swift */; };
		6A2AE32423E4B0FC0010221A /* HTTPStatusCode.swift in Sources */ = {isa = PBXBuildFile; fileRef = 6A2AE31E23E4B0FC0010221A /* HTTPStatusCode.swift */; };
		6A2AE32623E4B4F20010221A /* WeatherEndpoint.swift in Sources */ = {isa = PBXBuildFile; fileRef = 6A2AE32523E4B4F20010221A /* WeatherEndpoint.swift */; };
		6A6D07F923E4B7BB00F5E1B0 /* WeatherModels.swift in Sources */ = {isa = PBXBuildFile; fileRef = 6A6D07F823E4B7BB00F5E1B0 /* WeatherModels.swift */; };
		6A6D07FC23E4B8EF00F5E1B0 /* HomeViewModel.swift in Sources */ = {isa = PBXBuildFile; fileRef = 6A6D07FB23E4B8EF00F5E1B0 /* HomeViewModel.swift */; };
		941B9109B1F6C76F0FAEBA18 /* Pods_Weather.framework in Frameworks */ = {isa = PBXBuildFile; fileRef = 3791B813DC3B24A1F6A00F2E /* Pods_Weather.framework */; };
		D44313B2A96968070875648D /* Pods_WeatherTests.framework in Frameworks */ = {isa = PBXBuildFile; fileRef = E7D02B0012A7195C7739EB38 /* Pods_WeatherTests.framework */; };
/* End PBXBuildFile section */

/* Begin PBXContainerItemProxy section */
		6A2AE2E023E4ABF70010221A /* PBXContainerItemProxy */ = {
			isa = PBXContainerItemProxy;
			containerPortal = 6A2AE2C123E4ABF50010221A /* Project object */;
			proxyType = 1;
			remoteGlobalIDString = 6A2AE2C823E4ABF50010221A;
			remoteInfo = Weather;
		};
/* End PBXContainerItemProxy section */

/* Begin PBXFileReference section */
		3791B813DC3B24A1F6A00F2E /* Pods_Weather.framework */ = {isa = PBXFileReference; explicitFileType = wrapper.framework; includeInIndex = 0; path = Pods_Weather.framework; sourceTree = BUILT_PRODUCTS_DIR; };
		47FA2B85E1D4BC361C76D54F /* Pods-Weather.debug.xcconfig */ = {isa = PBXFileReference; includeInIndex = 1; lastKnownFileType = text.xcconfig; name = "Pods-Weather.debug.xcconfig"; path = "Target Support Files/Pods-Weather/Pods-Weather.debug.xcconfig"; sourceTree = "<group>"; };
		5753BA85D6E5D191B1BFEB8E /* Pods-WeatherTests.release.xcconfig */ = {isa = PBXFileReference; includeInIndex = 1; lastKnownFileType = text.xcconfig; name = "Pods-WeatherTests.release.xcconfig"; path = "Target Support Files/Pods-WeatherTests/Pods-WeatherTests.release.xcconfig"; sourceTree = "<group>"; };
		6A2AE2C923E4ABF50010221A /* Weather.app */ = {isa = PBXFileReference; explicitFileType = wrapper.application; includeInIndex = 0; path = Weather.app; sourceTree = BUILT_PRODUCTS_DIR; };
		6A2AE2CC23E4ABF50010221A /* AppDelegate.swift */ = {isa = PBXFileReference; lastKnownFileType = sourcecode.swift; path = AppDelegate.swift; sourceTree = "<group>"; };
		6A2AE2CE23E4ABF50010221A /* SceneDelegate.swift */ = {isa = PBXFileReference; lastKnownFileType = sourcecode.swift; path = SceneDelegate.swift; sourceTree = "<group>"; };
		6A2AE2D023E4ABF50010221A /* HomeViewController.swift */ = {isa = PBXFileReference; lastKnownFileType = sourcecode.swift; path = HomeViewController.swift; sourceTree = "<group>"; };
		6A2AE2D323E4ABF50010221A /* Base */ = {isa = PBXFileReference; lastKnownFileType = file.storyboard; name = Base; path = Base.lproj/Main.storyboard; sourceTree = "<group>"; };
		6A2AE2D523E4ABF70010221A /* Assets.xcassets */ = {isa = PBXFileReference; lastKnownFileType = folder.assetcatalog; path = Assets.xcassets; sourceTree = "<group>"; };
		6A2AE2D823E4ABF70010221A /* Base */ = {isa = PBXFileReference; lastKnownFileType = file.storyboard; name = Base; path = Base.lproj/LaunchScreen.storyboard; sourceTree = "<group>"; };
		6A2AE2DA23E4ABF70010221A /* Info.plist */ = {isa = PBXFileReference; lastKnownFileType = text.plist.xml; path = Info.plist; sourceTree = "<group>"; };
		6A2AE2DF23E4ABF70010221A /* WeatherTests.xctest */ = {isa = PBXFileReference; explicitFileType = wrapper.cfbundle; includeInIndex = 0; path = WeatherTests.xctest; sourceTree = BUILT_PRODUCTS_DIR; };
		6A2AE2E323E4ABF70010221A /* WeatherTests.swift */ = {isa = PBXFileReference; lastKnownFileType = sourcecode.swift; path = WeatherTests.swift; sourceTree = "<group>"; };
		6A2AE2E523E4ABF70010221A /* Info.plist */ = {isa = PBXFileReference; lastKnownFileType = text.plist.xml; path = Info.plist; sourceTree = "<group>"; };
		6A2AE2F223E4ADDD0010221A /* WeatherService.swift */ = {isa = PBXFileReference; lastKnownFileType = sourcecode.swift; path = WeatherService.swift; sourceTree = "<group>"; };
		6A2AE31923E4B0FC0010221A /* URLSessionable.swift */ = {isa = PBXFileReference; fileEncoding = 4; lastKnownFileType = sourcecode.swift; path = URLSessionable.swift; sourceTree = "<group>"; };
		6A2AE31A23E4B0FC0010221A /* ApiError.swift */ = {isa = PBXFileReference; fileEncoding = 4; lastKnownFileType = sourcecode.swift; path = ApiError.swift; sourceTree = "<group>"; };
		6A2AE31B23E4B0FC0010221A /* ApiEndpointExposable.swift */ = {isa = PBXFileReference; fileEncoding = 4; lastKnownFileType = sourcecode.swift; path = ApiEndpointExposable.swift; sourceTree = "<group>"; };
		6A2AE31C23E4B0FC0010221A /* HTTPMethod.swift */ = {isa = PBXFileReference; fileEncoding = 4; lastKnownFileType = sourcecode.swift; path = HTTPMethod.swift; sourceTree = "<group>"; };
		6A2AE31D23E4B0FC0010221A /* Api.swift */ = {isa = PBXFileReference; fileEncoding = 4; lastKnownFileType = sourcecode.swift; path = Api.swift; sourceTree = "<group>"; };
		6A2AE31E23E4B0FC0010221A /* HTTPStatusCode.swift */ = {isa = PBXFileReference; fileEncoding = 4; lastKnownFileType = sourcecode.swift; path = HTTPStatusCode.swift; sourceTree = "<group>"; };
		6A2AE32523E4B4F20010221A /* WeatherEndpoint.swift */ = {isa = PBXFileReference; lastKnownFileType = sourcecode.swift; path = WeatherEndpoint.swift; sourceTree = "<group>"; };
		6A6D07F823E4B7BB00F5E1B0 /* WeatherModels.swift */ = {isa = PBXFileReference; lastKnownFileType = sourcecode.swift; path = WeatherModels.swift; sourceTree = "<group>"; };
		6A6D07FB23E4B8EF00F5E1B0 /* HomeViewModel.swift */ = {isa = PBXFileReference; lastKnownFileType = sourcecode.swift; path = HomeViewModel.swift; sourceTree = "<group>"; };
		892AA8EE032BD3706D43B031 /* Pods-Weather.release.xcconfig */ = {isa = PBXFileReference; includeInIndex = 1; lastKnownFileType = text.xcconfig; name = "Pods-Weather.release.xcconfig"; path = "Target Support Files/Pods-Weather/Pods-Weather.release.xcconfig"; sourceTree = "<group>"; };
		E760A5E9B65F5DF713F2E7D6 /* Pods-WeatherTests.debug.xcconfig */ = {isa = PBXFileReference; includeInIndex = 1; lastKnownFileType = text.xcconfig; name = "Pods-WeatherTests.debug.xcconfig"; path = "Target Support Files/Pods-WeatherTests/Pods-WeatherTests.debug.xcconfig"; sourceTree = "<group>"; };
		E7D02B0012A7195C7739EB38 /* Pods_WeatherTests.framework */ = {isa = PBXFileReference; explicitFileType = wrapper.framework; includeInIndex = 0; path = Pods_WeatherTests.framework; sourceTree = BUILT_PRODUCTS_DIR; };
/* End PBXFileReference section */

/* Begin PBXFrameworksBuildPhase section */
		6A2AE2C623E4ABF50010221A /* Frameworks */ = {
			isa = PBXFrameworksBuildPhase;
			buildActionMask = 2147483647;
			files = (
				941B9109B1F6C76F0FAEBA18 /* Pods_Weather.framework in Frameworks */,
			);
			runOnlyForDeploymentPostprocessing = 0;
		};
		6A2AE2DC23E4ABF70010221A /* Frameworks */ = {
			isa = PBXFrameworksBuildPhase;
			buildActionMask = 2147483647;
			files = (
				D44313B2A96968070875648D /* Pods_WeatherTests.framework in Frameworks */,
			);
			runOnlyForDeploymentPostprocessing = 0;
		};
/* End PBXFrameworksBuildPhase section */

/* Begin PBXGroup section */
		20D788F93AFFBB8AC4F86E2D /* Frameworks */ = {
			isa = PBXGroup;
			children = (
				3791B813DC3B24A1F6A00F2E /* Pods_Weather.framework */,
				E7D02B0012A7195C7739EB38 /* Pods_WeatherTests.framework */,
			);
			name = Frameworks;
			sourceTree = "<group>";
		};
		6A2AE2C023E4ABF50010221A = {
			isa = PBXGroup;
			children = (
				6A2AE2CB23E4ABF50010221A /* Weather */,
				6A2AE2E223E4ABF70010221A /* WeatherTests */,
				6A2AE2CA23E4ABF50010221A /* Products */,
				7C76058DFED2DEE3A6248BFF /* Pods */,
				20D788F93AFFBB8AC4F86E2D /* Frameworks */,
			);
			sourceTree = "<group>";
		};
		6A2AE2CA23E4ABF50010221A /* Products */ = {
			isa = PBXGroup;
			children = (
				6A2AE2C923E4ABF50010221A /* Weather.app */,
				6A2AE2DF23E4ABF70010221A /* WeatherTests.xctest */,
			);
			name = Products;
			sourceTree = "<group>";
		};
		6A2AE2CB23E4ABF50010221A /* Weather */ = {
			isa = PBXGroup;
			children = (
				6A2AE31823E4B0FC0010221A /* Api */,
				6A2AE2F123E4ADCE0010221A /* Service */,
				6A2AE2EE23E4ABFF0010221A /* Scenes */,
				6A2AE2EF23E4AC0A0010221A /* Resources */,
				6A2AE2CC23E4ABF50010221A /* AppDelegate.swift */,
				6A2AE2CE23E4ABF50010221A /* SceneDelegate.swift */,
				6A2AE2DA23E4ABF70010221A /* Info.plist */,
			);
			path = Weather;
			sourceTree = "<group>";
		};
		6A2AE2E223E4ABF70010221A /* WeatherTests */ = {
			isa = PBXGroup;
			children = (
				6A2AE2E323E4ABF70010221A /* WeatherTests.swift */,
				6A2AE2E523E4ABF70010221A /* Info.plist */,
			);
			path = WeatherTests;
			sourceTree = "<group>";
		};
		6A2AE2EE23E4ABFF0010221A /* Scenes */ = {
			isa = PBXGroup;
			children = (
				6A2AE2F023E4ADC80010221A /* Home */,
			);
			path = Scenes;
			sourceTree = "<group>";
		};
		6A2AE2EF23E4AC0A0010221A /* Resources */ = {
			isa = PBXGroup;
			children = (
				6A2AE2D523E4ABF70010221A /* Assets.xcassets */,
				6A2AE2D223E4ABF50010221A /* Main.storyboard */,
				6A2AE2D723E4ABF70010221A /* LaunchScreen.storyboard */,
			);
			path = Resources;
			sourceTree = "<group>";
		};
		6A2AE2F023E4ADC80010221A /* Home */ = {
			isa = PBXGroup;
			children = (
				6A6D07FB23E4B8EF00F5E1B0 /* HomeViewModel.swift */,
				6A2AE2D023E4ABF50010221A /* HomeViewController.swift */,
			);
			path = Home;
			sourceTree = "<group>";
		};
		6A2AE2F123E4ADCE0010221A /* Service */ = {
			isa = PBXGroup;
			children = (
				6A6D07F823E4B7BB00F5E1B0 /* WeatherModels.swift */,
				6A2AE32523E4B4F20010221A /* WeatherEndpoint.swift */,
				6A2AE2F223E4ADDD0010221A /* WeatherService.swift */,
			);
			path = Service;
			sourceTree = "<group>";
		};
		6A2AE31823E4B0FC0010221A /* Api */ = {
			isa = PBXGroup;
			children = (
				6A2AE31923E4B0FC0010221A /* URLSessionable.swift */,
				6A2AE31D23E4B0FC0010221A /* Api.swift */,
				6A2AE31A23E4B0FC0010221A /* ApiError.swift */,
				6A2AE31B23E4B0FC0010221A /* ApiEndpointExposable.swift */,
				6A2AE31C23E4B0FC0010221A /* HTTPMethod.swift */,
				6A2AE31E23E4B0FC0010221A /* HTTPStatusCode.swift */,
			);
			path = Api;
			sourceTree = "<group>";
		};
		7C76058DFED2DEE3A6248BFF /* Pods */ = {
			isa = PBXGroup;
			children = (
				47FA2B85E1D4BC361C76D54F /* Pods-Weather.debug.xcconfig */,
				892AA8EE032BD3706D43B031 /* Pods-Weather.release.xcconfig */,
				E760A5E9B65F5DF713F2E7D6 /* Pods-WeatherTests.debug.xcconfig */,
				5753BA85D6E5D191B1BFEB8E /* Pods-WeatherTests.release.xcconfig */,
			);
			path = Pods;
			sourceTree = "<group>";
		};
/* End PBXGroup section */

/* Begin PBXNativeTarget section */
		6A2AE2C823E4ABF50010221A /* Weather */ = {
			isa = PBXNativeTarget;
			buildConfigurationList = 6A2AE2E823E4ABF70010221A /* Build configuration list for PBXNativeTarget "Weather" */;
			buildPhases = (
				627169DFCB3CF058152E2F7C /* [CP] Check Pods Manifest.lock */,
				6A2AE2C523E4ABF50010221A /* Sources */,
				6A2AE2C623E4ABF50010221A /* Frameworks */,
				6A2AE2C723E4ABF50010221A /* Resources */,
				72D84A0C625DED99660A26C6 /* [CP] Embed Pods Frameworks */,
			);
			buildRules = (
			);
			dependencies = (
			);
			name = Weather;
			productName = Weather;
			productReference = 6A2AE2C923E4ABF50010221A /* Weather.app */;
			productType = "com.apple.product-type.application";
		};
		6A2AE2DE23E4ABF70010221A /* WeatherTests */ = {
			isa = PBXNativeTarget;
			buildConfigurationList = 6A2AE2EB23E4ABF70010221A /* Build configuration list for PBXNativeTarget "WeatherTests" */;
			buildPhases = (
				51B0901341F1096B4F1B5DC4 /* [CP] Check Pods Manifest.lock */,
				6A2AE2DB23E4ABF70010221A /* Sources */,
				6A2AE2DC23E4ABF70010221A /* Frameworks */,
				6A2AE2DD23E4ABF70010221A /* Resources */,
				58B8EDB0AA3EB512B8014F9E /* [CP] Embed Pods Frameworks */,
			);
			buildRules = (
			);
			dependencies = (
				6A2AE2E123E4ABF70010221A /* PBXTargetDependency */,
			);
			name = WeatherTests;
			productName = WeatherTests;
			productReference = 6A2AE2DF23E4ABF70010221A /* WeatherTests.xctest */;
			productType = "com.apple.product-type.bundle.unit-test";
		};
/* End PBXNativeTarget section */

/* Begin PBXProject section */
		6A2AE2C123E4ABF50010221A /* Project object */ = {
			isa = PBXProject;
			attributes = {
				LastSwiftUpdateCheck = 1130;
				LastUpgradeCheck = 1130;
				ORGANIZATIONNAME = fnazarios;
				TargetAttributes = {
					6A2AE2C823E4ABF50010221A = {
						CreatedOnToolsVersion = 11.3.1;
					};
					6A2AE2DE23E4ABF70010221A = {
						CreatedOnToolsVersion = 11.3.1;
						TestTargetID = 6A2AE2C823E4ABF50010221A;
					};
				};
			};
			buildConfigurationList = 6A2AE2C423E4ABF50010221A /* Build configuration list for PBXProject "Weather" */;
			compatibilityVersion = "Xcode 9.3";
			developmentRegion = en;
			hasScannedForEncodings = 0;
			knownRegions = (
				en,
				Base,
			);
			mainGroup = 6A2AE2C023E4ABF50010221A;
			productRefGroup = 6A2AE2CA23E4ABF50010221A /* Products */;
			projectDirPath = "";
			projectRoot = "";
			targets = (
				6A2AE2C823E4ABF50010221A /* Weather */,
				6A2AE2DE23E4ABF70010221A /* WeatherTests */,
			);
		};
/* End PBXProject section */

/* Begin PBXResourcesBuildPhase section */
		6A2AE2C723E4ABF50010221A /* Resources */ = {
			isa = PBXResourcesBuildPhase;
			buildActionMask = 2147483647;
			files = (
				6A2AE2D923E4ABF70010221A /* LaunchScreen.storyboard in Resources */,
				6A2AE2D623E4ABF70010221A /* Assets.xcassets in Resources */,
				6A2AE2D423E4ABF50010221A /* Main.storyboard in Resources */,
			);
			runOnlyForDeploymentPostprocessing = 0;
		};
		6A2AE2DD23E4ABF70010221A /* Resources */ = {
			isa = PBXResourcesBuildPhase;
			buildActionMask = 2147483647;
			files = (
			);
			runOnlyForDeploymentPostprocessing = 0;
		};
/* End PBXResourcesBuildPhase section */

/* Begin PBXShellScriptBuildPhase section */
		51B0901341F1096B4F1B5DC4 /* [CP] Check Pods Manifest.lock */ = {
			isa = PBXShellScriptBuildPhase;
			buildActionMask = 2147483647;
			files = (
			);
			inputFileListPaths = (
			);
			inputPaths = (
				"${PODS_PODFILE_DIR_PATH}/Podfile.lock",
				"${PODS_ROOT}/Manifest.lock",
			);
			name = "[CP] Check Pods Manifest.lock";
			outputFileListPaths = (
			);
			outputPaths = (
				"$(DERIVED_FILE_DIR)/Pods-WeatherTests-checkManifestLockResult.txt",
			);
			runOnlyForDeploymentPostprocessing = 0;
			shellPath = /bin/sh;
			shellScript = "diff \"${PODS_PODFILE_DIR_PATH}/Podfile.lock\" \"${PODS_ROOT}/Manifest.lock\" > /dev/null\nif [ $? != 0 ] ; then\n    # print error to STDERR\n    echo \"error: The sandbox is not in sync with the Podfile.lock. Run 'pod install' or update your CocoaPods installation.\" >&2\n    exit 1\nfi\n# This output is used by Xcode 'outputs' to avoid re-running this script phase.\necho \"SUCCESS\" > \"${SCRIPT_OUTPUT_FILE_0}\"\n";
			showEnvVarsInLog = 0;
		};
		58B8EDB0AA3EB512B8014F9E /* [CP] Embed Pods Frameworks */ = {
			isa = PBXShellScriptBuildPhase;
			buildActionMask = 2147483647;
			files = (
			);
			inputFileListPaths = (
				"${PODS_ROOT}/Target Support Files/Pods-WeatherTests/Pods-WeatherTests-frameworks-${CONFIGURATION}-input-files.xcfilelist",
			);
			name = "[CP] Embed Pods Frameworks";
			outputFileListPaths = (
				"${PODS_ROOT}/Target Support Files/Pods-WeatherTests/Pods-WeatherTests-frameworks-${CONFIGURATION}-output-files.xcfilelist",
			);
			runOnlyForDeploymentPostprocessing = 0;
			shellPath = /bin/sh;
			shellScript = "\"${PODS_ROOT}/Target Support Files/Pods-WeatherTests/Pods-WeatherTests-frameworks.sh\"\n";
			showEnvVarsInLog = 0;
		};
		627169DFCB3CF058152E2F7C /* [CP] Check Pods Manifest.lock */ = {
			isa = PBXShellScriptBuildPhase;
			buildActionMask = 2147483647;
			files = (
			);
			inputFileListPaths = (
			);
			inputPaths = (
				"${PODS_PODFILE_DIR_PATH}/Podfile.lock",
				"${PODS_ROOT}/Manifest.lock",
			);
			name = "[CP] Check Pods Manifest.lock";
			outputFileListPaths = (
			);
			outputPaths = (
				"$(DERIVED_FILE_DIR)/Pods-Weather-checkManifestLockResult.txt",
			);
			runOnlyForDeploymentPostprocessing = 0;
			shellPath = /bin/sh;
			shellScript = "diff \"${PODS_PODFILE_DIR_PATH}/Podfile.lock\" \"${PODS_ROOT}/Manifest.lock\" > /dev/null\nif [ $? != 0 ] ; then\n    # print error to STDERR\n    echo \"error: The sandbox is not in sync with the Podfile.lock. Run 'pod install' or update your CocoaPods installation.\" >&2\n    exit 1\nfi\n# This output is used by Xcode 'outputs' to avoid re-running this script phase.\necho \"SUCCESS\" > \"${SCRIPT_OUTPUT_FILE_0}\"\n";
			showEnvVarsInLog = 0;
		};
		72D84A0C625DED99660A26C6 /* [CP] Embed Pods Frameworks */ = {
			isa = PBXShellScriptBuildPhase;
			buildActionMask = 2147483647;
			files = (
			);
			inputFileListPaths = (
				"${PODS_ROOT}/Target Support Files/Pods-Weather/Pods-Weather-frameworks-${CONFIGURATION}-input-files.xcfilelist",
			);
			name = "[CP] Embed Pods Frameworks";
			outputFileListPaths = (
				"${PODS_ROOT}/Target Support Files/Pods-Weather/Pods-Weather-frameworks-${CONFIGURATION}-output-files.xcfilelist",
			);
			runOnlyForDeploymentPostprocessing = 0;
			shellPath = /bin/sh;
			shellScript = "\"${PODS_ROOT}/Target Support Files/Pods-Weather/Pods-Weather-frameworks.sh\"\n";
			showEnvVarsInLog = 0;
		};
/* End PBXShellScriptBuildPhase section */

/* Begin PBXSourcesBuildPhase section */
		6A2AE2C523E4ABF50010221A /* Sources */ = {
			isa = PBXSourcesBuildPhase;
			buildActionMask = 2147483647;
			files = (
				6A2AE32423E4B0FC0010221A /* HTTPStatusCode.swift in Sources */,
				6A2AE32323E4B0FC0010221A /* Api.swift in Sources */,
				6A2AE2F323E4ADDD0010221A /* WeatherService.swift in Sources */,
				6A2AE31F23E4B0FC0010221A /* URLSessionable.swift in Sources */,
				6A2AE2D123E4ABF50010221A /* HomeViewController.swift in Sources */,
				6A2AE2CD23E4ABF50010221A /* AppDelegate.swift in Sources */,
				6A2AE32223E4B0FC0010221A /* HTTPMethod.swift in Sources */,
				6A2AE2CF23E4ABF50010221A /* SceneDelegate.swift in Sources */,
				6A6D07FC23E4B8EF00F5E1B0 /* HomeViewModel.swift in Sources */,
				6A2AE32623E4B4F20010221A /* WeatherEndpoint.swift in Sources */,
				6A2AE32023E4B0FC0010221A /* ApiError.swift in Sources */,
				6A6D07F923E4B7BB00F5E1B0 /* WeatherModels.swift in Sources */,
				6A2AE32123E4B0FC0010221A /* ApiEndpointExposable.swift in Sources */,
			);
			runOnlyForDeploymentPostprocessing = 0;
		};
		6A2AE2DB23E4ABF70010221A /* Sources */ = {
			isa = PBXSourcesBuildPhase;
			buildActionMask = 2147483647;
			files = (
				6A2AE2E423E4ABF70010221A /* WeatherTests.swift in Sources */,
			);
			runOnlyForDeploymentPostprocessing = 0;
		};
/* End PBXSourcesBuildPhase section */

/* Begin PBXTargetDependency section */
		6A2AE2E123E4ABF70010221A /* PBXTargetDependency */ = {
			isa = PBXTargetDependency;
			target = 6A2AE2C823E4ABF50010221A /* Weather */;
			targetProxy = 6A2AE2E023E4ABF70010221A /* PBXContainerItemProxy */;
		};
/* End PBXTargetDependency section */

/* Begin PBXVariantGroup section */
		6A2AE2D223E4ABF50010221A /* Main.storyboard */ = {
			isa = PBXVariantGroup;
			children = (
				6A2AE2D323E4ABF50010221A /* Base */,
			);
			name = Main.storyboard;
			sourceTree = "<group>";
		};
		6A2AE2D723E4ABF70010221A /* LaunchScreen.storyboard */ = {
			isa = PBXVariantGroup;
			children = (
				6A2AE2D823E4ABF70010221A /* Base */,
			);
			name = LaunchScreen.storyboard;
			sourceTree = "<group>";
		};
/* End PBXVariantGroup section */

/* Begin XCBuildConfiguration section */
		6A2AE2E623E4ABF70010221A /* Debug */ = {
			isa = XCBuildConfiguration;
			buildSettings = {
				ALWAYS_SEARCH_USER_PATHS = NO;
				CLANG_ANALYZER_NONNULL = YES;
				CLANG_ANALYZER_NUMBER_OBJECT_CONVERSION = YES_AGGRESSIVE;
				CLANG_CXX_LANGUAGE_STANDARD = "gnu++14";
				CLANG_CXX_LIBRARY = "libc++";
				CLANG_ENABLE_MODULES = YES;
				CLANG_ENABLE_OBJC_ARC = YES;
				CLANG_ENABLE_OBJC_WEAK = YES;
				CLANG_WARN_BLOCK_CAPTURE_AUTORELEASING = YES;
				CLANG_WARN_BOOL_CONVERSION = YES;
				CLANG_WARN_COMMA = YES;
				CLANG_WARN_CONSTANT_CONVERSION = YES;
				CLANG_WARN_DEPRECATED_OBJC_IMPLEMENTATIONS = YES;
				CLANG_WARN_DIRECT_OBJC_ISA_USAGE = YES_ERROR;
				CLANG_WARN_DOCUMENTATION_COMMENTS = YES;
				CLANG_WARN_EMPTY_BODY = YES;
				CLANG_WARN_ENUM_CONVERSION = YES;
				CLANG_WARN_INFINITE_RECURSION = YES;
				CLANG_WARN_INT_CONVERSION = YES;
				CLANG_WARN_NON_LITERAL_NULL_CONVERSION = YES;
				CLANG_WARN_OBJC_IMPLICIT_RETAIN_SELF = YES;
				CLANG_WARN_OBJC_LITERAL_CONVERSION = YES;
				CLANG_WARN_OBJC_ROOT_CLASS = YES_ERROR;
				CLANG_WARN_RANGE_LOOP_ANALYSIS = YES;
				CLANG_WARN_STRICT_PROTOTYPES = YES;
				CLANG_WARN_SUSPICIOUS_MOVE = YES;
				CLANG_WARN_UNGUARDED_AVAILABILITY = YES_AGGRESSIVE;
				CLANG_WARN_UNREACHABLE_CODE = YES;
				CLANG_WARN__DUPLICATE_METHOD_MATCH = YES;
				COPY_PHASE_STRIP = NO;
				DEBUG_INFORMATION_FORMAT = dwarf;
				ENABLE_STRICT_OBJC_MSGSEND = YES;
				ENABLE_TESTABILITY = YES;
				GCC_C_LANGUAGE_STANDARD = gnu11;
				GCC_DYNAMIC_NO_PIC = NO;
				GCC_NO_COMMON_BLOCKS = YES;
				GCC_OPTIMIZATION_LEVEL = 0;
				GCC_PREPROCESSOR_DEFINITIONS = (
					"DEBUG=1",
					"$(inherited)",
				);
				GCC_WARN_64_TO_32_BIT_CONVERSION = YES;
				GCC_WARN_ABOUT_RETURN_TYPE = YES_ERROR;
				GCC_WARN_UNDECLARED_SELECTOR = YES;
				GCC_WARN_UNINITIALIZED_AUTOS = YES_AGGRESSIVE;
				GCC_WARN_UNUSED_FUNCTION = YES;
				GCC_WARN_UNUSED_VARIABLE = YES;
				IPHONEOS_DEPLOYMENT_TARGET = 13.2;
				MTL_ENABLE_DEBUG_INFO = INCLUDE_SOURCE;
				MTL_FAST_MATH = YES;
				ONLY_ACTIVE_ARCH = YES;
				SDKROOT = iphoneos;
				SWIFT_ACTIVE_COMPILATION_CONDITIONS = DEBUG;
				SWIFT_OPTIMIZATION_LEVEL = "-Onone";
			};
			name = Debug;
		};
		6A2AE2E723E4ABF70010221A /* Release */ = {
			isa = XCBuildConfiguration;
			buildSettings = {
				ALWAYS_SEARCH_USER_PATHS = NO;
				CLANG_ANALYZER_NONNULL = YES;
				CLANG_ANALYZER_NUMBER_OBJECT_CONVERSION = YES_AGGRESSIVE;
				CLANG_CXX_LANGUAGE_STANDARD = "gnu++14";
				CLANG_CXX_LIBRARY = "libc++";
				CLANG_ENABLE_MODULES = YES;
				CLANG_ENABLE_OBJC_ARC = YES;
				CLANG_ENABLE_OBJC_WEAK = YES;
				CLANG_WARN_BLOCK_CAPTURE_AUTORELEASING = YES;
				CLANG_WARN_BOOL_CONVERSION = YES;
				CLANG_WARN_COMMA = YES;
				CLANG_WARN_CONSTANT_CONVERSION = YES;
				CLANG_WARN_DEPRECATED_OBJC_IMPLEMENTATIONS = YES;
				CLANG_WARN_DIRECT_OBJC_ISA_USAGE = YES_ERROR;
				CLANG_WARN_DOCUMENTATION_COMMENTS = YES;
				CLANG_WARN_EMPTY_BODY = YES;
				CLANG_WARN_ENUM_CONVERSION = YES;
				CLANG_WARN_INFINITE_RECURSION = YES;
				CLANG_WARN_INT_CONVERSION = YES;
				CLANG_WARN_NON_LITERAL_NULL_CONVERSION = YES;
				CLANG_WARN_OBJC_IMPLICIT_RETAIN_SELF = YES;
				CLANG_WARN_OBJC_LITERAL_CONVERSION = YES;
				CLANG_WARN_OBJC_ROOT_CLASS = YES_ERROR;
				CLANG_WARN_RANGE_LOOP_ANALYSIS = YES;
				CLANG_WARN_STRICT_PROTOTYPES = YES;
				CLANG_WARN_SUSPICIOUS_MOVE = YES;
				CLANG_WARN_UNGUARDED_AVAILABILITY = YES_AGGRESSIVE;
				CLANG_WARN_UNREACHABLE_CODE = YES;
				CLANG_WARN__DUPLICATE_METHOD_MATCH = YES;
				COPY_PHASE_STRIP = NO;
				DEBUG_INFORMATION_FORMAT = "dwarf-with-dsym";
				ENABLE_NS_ASSERTIONS = NO;
				ENABLE_STRICT_OBJC_MSGSEND = YES;
				GCC_C_LANGUAGE_STANDARD = gnu11;
				GCC_NO_COMMON_BLOCKS = YES;
				GCC_WARN_64_TO_32_BIT_CONVERSION = YES;
				GCC_WARN_ABOUT_RETURN_TYPE = YES_ERROR;
				GCC_WARN_UNDECLARED_SELECTOR = YES;
				GCC_WARN_UNINITIALIZED_AUTOS = YES_AGGRESSIVE;
				GCC_WARN_UNUSED_FUNCTION = YES;
				GCC_WARN_UNUSED_VARIABLE = YES;
				IPHONEOS_DEPLOYMENT_TARGET = 13.2;
				MTL_ENABLE_DEBUG_INFO = NO;
				MTL_FAST_MATH = YES;
				SDKROOT = iphoneos;
				SWIFT_COMPILATION_MODE = wholemodule;
				SWIFT_OPTIMIZATION_LEVEL = "-O";
				VALIDATE_PRODUCT = YES;
			};
			name = Release;
		};
		6A2AE2E923E4ABF70010221A /* Debug */ = {
			isa = XCBuildConfiguration;
			baseConfigurationReference = 47FA2B85E1D4BC361C76D54F /* Pods-Weather.debug.xcconfig */;
			buildSettings = {
				ASSETCATALOG_COMPILER_APPICON_NAME = AppIcon;
				CODE_SIGN_STYLE = Automatic;
				DEVELOPMENT_TEAM = 76KYVD9R48;
				INFOPLIST_FILE = Weather/Info.plist;
				LD_RUNPATH_SEARCH_PATHS = (
					"$(inherited)",
					"@executable_path/Frameworks",
				);
				PRODUCT_BUNDLE_IDENTIFIER = br.com.fnazarios.Weather;
				PRODUCT_NAME = "$(TARGET_NAME)";
				SWIFT_VERSION = 5.0;
				TARGETED_DEVICE_FAMILY = "1,2";
			};
			name = Debug;
		};
		6A2AE2EA23E4ABF70010221A /* Release */ = {
			isa = XCBuildConfiguration;
			baseConfigurationReference = 892AA8EE032BD3706D43B031 /* Pods-Weather.release.xcconfig */;
			buildSettings = {
				ASSETCATALOG_COMPILER_APPICON_NAME = AppIcon;
				CODE_SIGN_STYLE = Automatic;
				DEVELOPMENT_TEAM = 76KYVD9R48;
				INFOPLIST_FILE = Weather/Info.plist;
				LD_RUNPATH_SEARCH_PATHS = (
					"$(inherited)",
					"@executable_path/Frameworks",
				);
				PRODUCT_BUNDLE_IDENTIFIER = br.com.fnazarios.Weather;
				PRODUCT_NAME = "$(TARGET_NAME)";
				SWIFT_VERSION = 5.0;
				TARGETED_DEVICE_FAMILY = "1,2";
			};
			name = Release;
		};
		6A2AE2EC23E4ABF70010221A /* Debug */ = {
			isa = XCBuildConfiguration;
			baseConfigurationReference = E760A5E9B65F5DF713F2E7D6 /* Pods-WeatherTests.debug.xcconfig */;
			buildSettings = {
				ALWAYS_EMBED_SWIFT_STANDARD_LIBRARIES = YES;
				BUNDLE_LOADER = "$(TEST_HOST)";
				CODE_SIGN_STYLE = Automatic;
				DEVELOPMENT_TEAM = 76KYVD9R48;
				INFOPLIST_FILE = WeatherTests/Info.plist;
				IPHONEOS_DEPLOYMENT_TARGET = 13.2;
				LD_RUNPATH_SEARCH_PATHS = (
					"$(inherited)",
					"@executable_path/Frameworks",
					"@loader_path/Frameworks",
				);
				PRODUCT_BUNDLE_IDENTIFIER = br.com.fnazarios.WeatherTests;
				PRODUCT_NAME = "$(TARGET_NAME)";
				SWIFT_VERSION = 5.0;
				TARGETED_DEVICE_FAMILY = "1,2";
				TEST_HOST = "$(BUILT_PRODUCTS_DIR)/Weather.app/Weather";
			};
			name = Debug;
		};
		6A2AE2ED23E4ABF70010221A /* Release */ = {
			isa = XCBuildConfiguration;
			baseConfigurationReference = 5753BA85D6E5D191B1BFEB8E /* Pods-WeatherTests.release.xcconfig */;
			buildSettings = {
				ALWAYS_EMBED_SWIFT_STANDARD_LIBRARIES = YES;
				BUNDLE_LOADER = "$(TEST_HOST)";
				CODE_SIGN_STYLE = Automatic;
				DEVELOPMENT_TEAM = 76KYVD9R48;
				INFOPLIST_FILE = WeatherTests/Info.plist;
				IPHONEOS_DEPLOYMENT_TARGET = 13.2;
				LD_RUNPATH_SEARCH_PATHS = (
					"$(inherited)",
					"@executable_path/Frameworks",
					"@loader_path/Frameworks",
				);
				PRODUCT_BUNDLE_IDENTIFIER = br.com.fnazarios.WeatherTests;
				PRODUCT_NAME = "$(TARGET_NAME)";
				SWIFT_VERSION = 5.0;
				TARGETED_DEVICE_FAMILY = "1,2";
				TEST_HOST = "$(BUILT_PRODUCTS_DIR)/Weather.app/Weather";
			};
			name = Release;
		};
/* End XCBuildConfiguration section */

/* Begin XCConfigurationList section */
		6A2AE2C423E4ABF50010221A /* Build configuration list for PBXProject "Weather" */ = {
			isa = XCConfigurationList;
			buildConfigurations = (
				6A2AE2E623E4ABF70010221A /* Debug */,
				6A2AE2E723E4ABF70010221A /* Release */,
			);
			defaultConfigurationIsVisible = 0;
			defaultConfigurationName = Release;
		};
		6A2AE2E823E4ABF70010221A /* Build configuration list for PBXNativeTarget "Weather" */ = {
			isa = XCConfigurationList;
			buildConfigurations = (
				6A2AE2E923E4ABF70010221A /* Debug */,
				6A2AE2EA23E4ABF70010221A /* Release */,
			);
			defaultConfigurationIsVisible = 0;
			defaultConfigurationName = Release;
		};
		6A2AE2EB23E4ABF70010221A /* Build configuration list for PBXNativeTarget "WeatherTests" */ = {
			isa = XCConfigurationList;
			buildConfigurations = (
				6A2AE2EC23E4ABF70010221A /* Debug */,
				6A2AE2ED23E4ABF70010221A /* Release */,
			);
			defaultConfigurationIsVisible = 0;
			defaultConfigurationName = Release;
		};
/* End XCConfigurationList section */
	};
	rootObject = 6A2AE2C123E4ABF50010221A /* Project object */;
}
